// !$*UTF8*$!
{
	archiveVersion = 1;
	classes = {
	};
	objectVersion = 56;
	objects = {

/* Begin PBXBuildFile section */
		616722682ADEDF5900A96A68 /* SidemenuVCc.swift in Sources */ = {isa = PBXBuildFile; fileRef = 616722622ADEDF5900A96A68 /* SidemenuVCc.swift */; };
		616722692ADEDF5900A96A68 /* SidemenuVC.swift in Sources */ = {isa = PBXBuildFile; fileRef = 616722632ADEDF5900A96A68 /* SidemenuVC.swift */; };
		6167226A2ADEDF5900A96A68 /* FeedbackVC.swift in Sources */ = {isa = PBXBuildFile; fileRef = 616722642ADEDF5900A96A68 /* FeedbackVC.swift */; };
		6167226B2ADEDF5900A96A68 /* sidemenuTblCell.swift in Sources */ = {isa = PBXBuildFile; fileRef = 616722652ADEDF5900A96A68 /* sidemenuTblCell.swift */; };
		6167226C2ADEDF5900A96A68 /* Abtsvc.swift in Sources */ = {isa = PBXBuildFile; fileRef = 616722662ADEDF5900A96A68 /* Abtsvc.swift */; };
		6167226D2ADEDF5900A96A68 /* Helper.swift in Sources */ = {isa = PBXBuildFile; fileRef = 616722672ADEDF5900A96A68 /* Helper.swift */; };
		617EEAC42ADD8E5E0009DAEF /* AppDelegate.swift in Sources */ = {isa = PBXBuildFile; fileRef = 617EEAC32ADD8E5E0009DAEF /* AppDelegate.swift */; };
		617EEAC62ADD8E5E0009DAEF /* SceneDelegate.swift in Sources */ = {isa = PBXBuildFile; fileRef = 617EEAC52ADD8E5E0009DAEF /* SceneDelegate.swift */; };
		617EEAC82ADD8E5E0009DAEF /* ViewController.swift in Sources */ = {isa = PBXBuildFile; fileRef = 617EEAC72ADD8E5E0009DAEF /* ViewController.swift */; };
		617EEACB2ADD8E5E0009DAEF /* Main.storyboard in Resources */ = {isa = PBXBuildFile; fileRef = 617EEAC92ADD8E5E0009DAEF /* Main.storyboard */; };
		617EEACD2ADD8E5F0009DAEF /* Assets.xcassets in Resources */ = {isa = PBXBuildFile; fileRef = 617EEACC2ADD8E5F0009DAEF /* Assets.xcassets */; };
		617EEAD02ADD8E5F0009DAEF /* LaunchScreen.storyboard in Resources */ = {isa = PBXBuildFile; fileRef = 617EEACE2ADD8E5F0009DAEF /* LaunchScreen.storyboard */; };
		617EEAD82ADDA2CD0009DAEF /* feetvc.swift in Sources */ = {isa = PBXBuildFile; fileRef = 617EEAD72ADDA2CD0009DAEF /* feetvc.swift */; };
		617EEADA2ADDA3ED0009DAEF /* Distance.swift in Sources */ = {isa = PBXBuildFile; fileRef = 617EEAD92ADDA3ED0009DAEF /* Distance.swift */; };
		617EEADC2ADDA46E0009DAEF /* Temp.swift in Sources */ = {isa = PBXBuildFile; fileRef = 617EEADB2ADDA46E0009DAEF /* Temp.swift */; };
		617EEADE2ADDA4AC0009DAEF /* weight.swift in Sources */ = {isa = PBXBuildFile; fileRef = 617EEADD2ADDA4AC0009DAEF /* weight.swift */; };
		617EEAE02ADDA4D10009DAEF /* Time.swift in Sources */ = {isa = PBXBuildFile; fileRef = 617EEADF2ADDA4D10009DAEF /* Time.swift */; };
		71C775D8C2C708B9F333F04E /* Pods_QuantumShift.framework in Frameworks */ = {isa = PBXBuildFile; fileRef = 36278DC15C55767D5F5241A0 /* Pods_QuantumShift.framework */; };
/* End PBXBuildFile section */

/* Begin PBXFileReference section */
		36278DC15C55767D5F5241A0 /* Pods_QuantumShift.framework */ = {isa = PBXFileReference; explicitFileType = wrapper.framework; includeInIndex = 0; path = Pods_QuantumShift.framework; sourceTree = BUILT_PRODUCTS_DIR; };
		616722622ADEDF5900A96A68 /* SidemenuVCc.swift */ = {isa = PBXFileReference; fileEncoding = 4; lastKnownFileType = sourcecode.swift; path = SidemenuVCc.swift; sourceTree = "<group>"; };
		616722632ADEDF5900A96A68 /* SidemenuVC.swift */ = {isa = PBXFileReference; fileEncoding = 4; lastKnownFileType = sourcecode.swift; path = SidemenuVC.swift; sourceTree = "<group>"; };
		616722642ADEDF5900A96A68 /* FeedbackVC.swift */ = {isa = PBXFileReference; fileEncoding = 4; lastKnownFileType = sourcecode.swift; path = FeedbackVC.swift; sourceTree = "<group>"; };
		616722652ADEDF5900A96A68 /* sidemenuTblCell.swift */ = {isa = PBXFileReference; fileEncoding = 4; lastKnownFileType = sourcecode.swift; path = sidemenuTblCell.swift; sourceTree = "<group>"; };
		616722662ADEDF5900A96A68 /* Abtsvc.swift */ = {isa = PBXFileReference; fileEncoding = 4; lastKnownFileType = sourcecode.swift; path = Abtsvc.swift; sourceTree = "<group>"; };
		616722672ADEDF5900A96A68 /* Helper.swift */ = {isa = PBXFileReference; fileEncoding = 4; lastKnownFileType = sourcecode.swift; path = Helper.swift; sourceTree = "<group>"; };
		617EEAC02ADD8E5E0009DAEF /* QuantumShift.app */ = {isa = PBXFileReference; explicitFileType = wrapper.application; includeInIndex = 0; path = QuantumShift.app; sourceTree = BUILT_PRODUCTS_DIR; };
		617EEAC32ADD8E5E0009DAEF /* AppDelegate.swift */ = {isa = PBXFileReference; lastKnownFileType = sourcecode.swift; path = AppDelegate.swift; sourceTree = "<group>"; };
		617EEAC52ADD8E5E0009DAEF /* SceneDelegate.swift */ = {isa = PBXFileReference; lastKnownFileType = sourcecode.swift; path = SceneDelegate.swift; sourceTree = "<group>"; };
		617EEAC72ADD8E5E0009DAEF /* ViewController.swift */ = {isa = PBXFileReference; lastKnownFileType = sourcecode.swift; path = ViewController.swift; sourceTree = "<group>"; };
		617EEACA2ADD8E5E0009DAEF /* Base */ = {isa = PBXFileReference; lastKnownFileType = file.storyboard; name = Base; path = Base.lproj/Main.storyboard; sourceTree = "<group>"; };
		617EEACC2ADD8E5F0009DAEF /* Assets.xcassets */ = {isa = PBXFileReference; lastKnownFileType = folder.assetcatalog; path = Assets.xcassets; sourceTree = "<group>"; };
		617EEACF2ADD8E5F0009DAEF /* Base */ = {isa = PBXFileReference; lastKnownFileType = file.storyboard; name = Base; path = Base.lproj/LaunchScreen.storyboard; sourceTree = "<group>"; };
		617EEAD12ADD8E5F0009DAEF /* Info.plist */ = {isa = PBXFileReference; lastKnownFileType = text.plist.xml; path = Info.plist; sourceTree = "<group>"; };
		617EEAD72ADDA2CD0009DAEF /* feetvc.swift */ = {isa = PBXFileReference; lastKnownFileType = sourcecode.swift; path = feetvc.swift; sourceTree = "<group>"; };
		617EEAD92ADDA3ED0009DAEF /* Distance.swift */ = {isa = PBXFileReference; lastKnownFileType = sourcecode.swift; path = Distance.swift; sourceTree = "<group>"; };
		617EEADB2ADDA46E0009DAEF /* Temp.swift */ = {isa = PBXFileReference; lastKnownFileType = sourcecode.swift; path = Temp.swift; sourceTree = "<group>"; };
		617EEADD2ADDA4AC0009DAEF /* weight.swift */ = {isa = PBXFileReference; lastKnownFileType = sourcecode.swift; path = weight.swift; sourceTree = "<group>"; };
		617EEADF2ADDA4D10009DAEF /* Time.swift */ = {isa = PBXFileReference; lastKnownFileType = sourcecode.swift; path = Time.swift; sourceTree = "<group>"; };
		66F2113FD1C52969CCC14B2B /* Pods-QuantumShift.release.xcconfig */ = {isa = PBXFileReference; includeInIndex = 1; lastKnownFileType = text.xcconfig; name = "Pods-QuantumShift.release.xcconfig"; path = "Target Support Files/Pods-QuantumShift/Pods-QuantumShift.release.xcconfig"; sourceTree = "<group>"; };
		D1695CCDF4B6BCD1B6BECFD9 /* Pods-QuantumShift.debug.xcconfig */ = {isa = PBXFileReference; includeInIndex = 1; lastKnownFileType = text.xcconfig; name = "Pods-QuantumShift.debug.xcconfig"; path = "Target Support Files/Pods-QuantumShift/Pods-QuantumShift.debug.xcconfig"; sourceTree = "<group>"; };
/* End PBXFileReference section */

/* Begin PBXFrameworksBuildPhase section */
		617EEABD2ADD8E5E0009DAEF /* Frameworks */ = {
			isa = PBXFrameworksBuildPhase;
			buildActionMask = 2147483647;
			files = (
				71C775D8C2C708B9F333F04E /* Pods_QuantumShift.framework in Frameworks */,
			);
			runOnlyForDeploymentPostprocessing = 0;
		};
/* End PBXFrameworksBuildPhase section */

/* Begin PBXGroup section */
		164149DA9AE6CE27340DA8E3 /* Frameworks */ = {
			isa = PBXGroup;
			children = (
				36278DC15C55767D5F5241A0 /* Pods_QuantumShift.framework */,
			);
			name = Frameworks;
			sourceTree = "<group>";
		};
		4E7F41116B3D6764F181973D /* Pods */ = {
			isa = PBXGroup;
			children = (
				D1695CCDF4B6BCD1B6BECFD9 /* Pods-QuantumShift.debug.xcconfig */,
				66F2113FD1C52969CCC14B2B /* Pods-QuantumShift.release.xcconfig */,
			);
			path = Pods;
			sourceTree = "<group>";
		};
		616722612ADEDF5900A96A68 /* Sidemenufile */ = {
			isa = PBXGroup;
			children = (
				616722622ADEDF5900A96A68 /* SidemenuVCc.swift */,
				616722632ADEDF5900A96A68 /* SidemenuVC.swift */,
				616722642ADEDF5900A96A68 /* FeedbackVC.swift */,
				616722652ADEDF5900A96A68 /* sidemenuTblCell.swift */,
				616722662ADEDF5900A96A68 /* Abtsvc.swift */,
				616722672ADEDF5900A96A68 /* Helper.swift */,
			);
			path = Sidemenufile;
			sourceTree = "<group>";
		};
		617EEAB72ADD8E5E0009DAEF = {
			isa = PBXGroup;
			children = (
				617EEAC22ADD8E5E0009DAEF /* QuantumShift */,
				617EEAC12ADD8E5E0009DAEF /* Products */,
				4E7F41116B3D6764F181973D /* Pods */,
				164149DA9AE6CE27340DA8E3 /* Frameworks */,
			);
			sourceTree = "<group>";
		};
		617EEAC12ADD8E5E0009DAEF /* Products */ = {
			isa = PBXGroup;
			children = (
				617EEAC02ADD8E5E0009DAEF /* QuantumShift.app */,
			);
			name = Products;
			sourceTree = "<group>";
		};
		617EEAC22ADD8E5E0009DAEF /* QuantumShift */ = {
			isa = PBXGroup;
			children = (
				617EEAC32ADD8E5E0009DAEF /* AppDelegate.swift */,
				617EEAC52ADD8E5E0009DAEF /* SceneDelegate.swift */,
				617EEAC72ADD8E5E0009DAEF /* ViewController.swift */,
				617EEAD72ADDA2CD0009DAEF /* feetvc.swift */,
				617EEAD92ADDA3ED0009DAEF /* Distance.swift */,
				617EEADB2ADDA46E0009DAEF /* Temp.swift */,
				617EEADD2ADDA4AC0009DAEF /* weight.swift */,
				617EEADF2ADDA4D10009DAEF /* Time.swift */,
				616722612ADEDF5900A96A68 /* Sidemenufile */,
				617EEAC92ADD8E5E0009DAEF /* Main.storyboard */,
				617EEACC2ADD8E5F0009DAEF /* Assets.xcassets */,
				617EEACE2ADD8E5F0009DAEF /* LaunchScreen.storyboard */,
				617EEAD12ADD8E5F0009DAEF /* Info.plist */,
			);
			path = QuantumShift;
			sourceTree = "<group>";
		};
/* End PBXGroup section */

/* Begin PBXNativeTarget section */
		617EEABF2ADD8E5E0009DAEF /* QuantumShift */ = {
			isa = PBXNativeTarget;
			buildConfigurationList = 617EEAD42ADD8E5F0009DAEF /* Build configuration list for PBXNativeTarget "QuantumShift" */;
			buildPhases = (
				4E44C79455DE2721BB529DB6 /* [CP] Check Pods Manifest.lock */,
				617EEABC2ADD8E5E0009DAEF /* Sources */,
				617EEABD2ADD8E5E0009DAEF /* Frameworks */,
				617EEABE2ADD8E5E0009DAEF /* Resources */,
				4B43DA6451CB5C2DC6D689C5 /* [CP] Embed Pods Frameworks */,
			);
			buildRules = (
			);
			dependencies = (
			);
			name = QuantumShift;
			productName = QuantumShift;
			productReference = 617EEAC02ADD8E5E0009DAEF /* QuantumShift.app */;
			productType = "com.apple.product-type.application";
		};
/* End PBXNativeTarget section */

/* Begin PBXProject section */
		617EEAB82ADD8E5E0009DAEF /* Project object */ = {
			isa = PBXProject;
			attributes = {
				BuildIndependentTargetsInParallel = 1;
				LastSwiftUpdateCheck = 1410;
				LastUpgradeCheck = 1410;
				TargetAttributes = {
					617EEABF2ADD8E5E0009DAEF = {
						CreatedOnToolsVersion = 14.1;
					};
				};
			};
			buildConfigurationList = 617EEABB2ADD8E5E0009DAEF /* Build configuration list for PBXProject "QuantumShift" */;
			compatibilityVersion = "Xcode 14.0";
			developmentRegion = en;
			hasScannedForEncodings = 0;
			knownRegions = (
				en,
				Base,
			);
			mainGroup = 617EEAB72ADD8E5E0009DAEF;
			productRefGroup = 617EEAC12ADD8E5E0009DAEF /* Products */;
			projectDirPath = "";
			projectRoot = "";
			targets = (
				617EEABF2ADD8E5E0009DAEF /* QuantumShift */,
			);
		};
/* End PBXProject section */

/* Begin PBXResourcesBuildPhase section */
		617EEABE2ADD8E5E0009DAEF /* Resources */ = {
			isa = PBXResourcesBuildPhase;
			buildActionMask = 2147483647;
			files = (
				617EEAD02ADD8E5F0009DAEF /* LaunchScreen.storyboard in Resources */,
				617EEACD2ADD8E5F0009DAEF /* Assets.xcassets in Resources */,
				617EEACB2ADD8E5E0009DAEF /* Main.storyboard in Resources */,
			);
			runOnlyForDeploymentPostprocessing = 0;
		};
/* End PBXResourcesBuildPhase section */

/* Begin PBXShellScriptBuildPhase section */
		4B43DA6451CB5C2DC6D689C5 /* [CP] Embed Pods Frameworks */ = {
			isa = PBXShellScriptBuildPhase;
			buildActionMask = 2147483647;
			files = (
			);
			inputFileListPaths = (
				"${PODS_ROOT}/Target Support Files/Pods-QuantumShift/Pods-QuantumShift-frameworks-${CONFIGURATION}-input-files.xcfilelist",
			);
			name = "[CP] Embed Pods Frameworks";
			outputFileListPaths = (
				"${PODS_ROOT}/Target Support Files/Pods-QuantumShift/Pods-QuantumShift-frameworks-${CONFIGURATION}-output-files.xcfilelist",
			);
			runOnlyForDeploymentPostprocessing = 0;
			shellPath = /bin/sh;
			shellScript = "\"${PODS_ROOT}/Target Support Files/Pods-QuantumShift/Pods-QuantumShift-frameworks.sh\"\n";
			showEnvVarsInLog = 0;
		};
		4E44C79455DE2721BB529DB6 /* [CP] Check Pods Manifest.lock */ = {
			isa = PBXShellScriptBuildPhase;
			buildActionMask = 2147483647;
			files = (
			);
			inputFileListPaths = (
			);
			inputPaths = (
				"${PODS_PODFILE_DIR_PATH}/Podfile.lock",
				"${PODS_ROOT}/Manifest.lock",
			);
			name = "[CP] Check Pods Manifest.lock";
			outputFileListPaths = (
			);
			outputPaths = (
				"$(DERIVED_FILE_DIR)/Pods-QuantumShift-checkManifestLockResult.txt",
			);
			runOnlyForDeploymentPostprocessing = 0;
			shellPath = /bin/sh;
			shellScript = "diff \"${PODS_PODFILE_DIR_PATH}/Podfile.lock\" \"${PODS_ROOT}/Manifest.lock\" > /dev/null\nif [ $? != 0 ] ; then\n    # print error to STDERR\n    echo \"error: The sandbox is not in sync with the Podfile.lock. Run 'pod install' or update your CocoaPods installation.\" >&2\n    exit 1\nfi\n# This output is used by Xcode 'outputs' to avoid re-running this script phase.\necho \"SUCCESS\" > \"${SCRIPT_OUTPUT_FILE_0}\"\n";
			showEnvVarsInLog = 0;
		};
/* End PBXShellScriptBuildPhase section */

/* Begin PBXSourcesBuildPhase section */
		617EEABC2ADD8E5E0009DAEF /* Sources */ = {
			isa = PBXSourcesBuildPhase;
			buildActionMask = 2147483647;
			files = (
				617EEAD82ADDA2CD0009DAEF /* feetvc.swift in Sources */,
				6167226D2ADEDF5900A96A68 /* Helper.swift in Sources */,
				6167226A2ADEDF5900A96A68 /* FeedbackVC.swift in Sources */,
				617EEAC82ADD8E5E0009DAEF /* ViewController.swift in Sources */,
				6167226C2ADEDF5900A96A68 /* Abtsvc.swift in Sources */,
				616722692ADEDF5900A96A68 /* SidemenuVC.swift in Sources */,
				617EEAC42ADD8E5E0009DAEF /* AppDelegate.swift in Sources */,
				617EEAC62ADD8E5E0009DAEF /* SceneDelegate.swift in Sources */,
				617EEAE02ADDA4D10009DAEF /* Time.swift in Sources */,
				616722682ADEDF5900A96A68 /* SidemenuVCc.swift in Sources */,
				6167226B2ADEDF5900A96A68 /* sidemenuTblCell.swift in Sources */,
				617EEADA2ADDA3ED0009DAEF /* Distance.swift in Sources */,
				617EEADC2ADDA46E0009DAEF /* Temp.swift in Sources */,
				617EEADE2ADDA4AC0009DAEF /* weight.swift in Sources */,
			);
			runOnlyForDeploymentPostprocessing = 0;
		};
/* End PBXSourcesBuildPhase section */

/* Begin PBXVariantGroup section */
		617EEAC92ADD8E5E0009DAEF /* Main.storyboard */ = {
			isa = PBXVariantGroup;
			children = (
				617EEACA2ADD8E5E0009DAEF /* Base */,
			);
			name = Main.storyboard;
			sourceTree = "<group>";
		};
		617EEACE2ADD8E5F0009DAEF /* LaunchScreen.storyboard */ = {
			isa = PBXVariantGroup;
			children = (
				617EEACF2ADD8E5F0009DAEF /* Base */,
			);
			name = LaunchScreen.storyboard;
			sourceTree = "<group>";
		};
/* End PBXVariantGroup section */

/* Begin XCBuildConfiguration section */
		617EEAD22ADD8E5F0009DAEF /* Debug */ = {
			isa = XCBuildConfiguration;
			buildSettings = {
				ALWAYS_SEARCH_USER_PATHS = NO;
				CLANG_ANALYZER_NONNULL = YES;
				CLANG_ANALYZER_NUMBER_OBJECT_CONVERSION = YES_AGGRESSIVE;
				CLANG_CXX_LANGUAGE_STANDARD = "gnu++20";
				CLANG_ENABLE_MODULES = YES;
				CLANG_ENABLE_OBJC_ARC = YES;
				CLANG_ENABLE_OBJC_WEAK = YES;
				CLANG_WARN_BLOCK_CAPTURE_AUTORELEASING = YES;
				CLANG_WARN_BOOL_CONVERSION = YES;
				CLANG_WARN_COMMA = YES;
				CLANG_WARN_CONSTANT_CONVERSION = YES;
				CLANG_WARN_DEPRECATED_OBJC_IMPLEMENTATIONS = YES;
				CLANG_WARN_DIRECT_OBJC_ISA_USAGE = YES_ERROR;
				CLANG_WARN_DOCUMENTATION_COMMENTS = YES;
				CLANG_WARN_EMPTY_BODY = YES;
				CLANG_WARN_ENUM_CONVERSION = YES;
				CLANG_WARN_INFINITE_RECURSION = YES;
				CLANG_WARN_INT_CONVERSION = YES;
				CLANG_WARN_NON_LITERAL_NULL_CONVERSION = YES;
				CLANG_WARN_OBJC_IMPLICIT_RETAIN_SELF = YES;
				CLANG_WARN_OBJC_LITERAL_CONVERSION = YES;
				CLANG_WARN_OBJC_ROOT_CLASS = YES_ERROR;
				CLANG_WARN_QUOTED_INCLUDE_IN_FRAMEWORK_HEADER = YES;
				CLANG_WARN_RANGE_LOOP_ANALYSIS = YES;
				CLANG_WARN_STRICT_PROTOTYPES = YES;
				CLANG_WARN_SUSPICIOUS_MOVE = YES;
				CLANG_WARN_UNGUARDED_AVAILABILITY = YES_AGGRESSIVE;
				CLANG_WARN_UNREACHABLE_CODE = YES;
				CLANG_WARN__DUPLICATE_METHOD_MATCH = YES;
				COPY_PHASE_STRIP = NO;
				DEBUG_INFORMATION_FORMAT = dwarf;
				ENABLE_STRICT_OBJC_MSGSEND = YES;
				ENABLE_TESTABILITY = YES;
				GCC_C_LANGUAGE_STANDARD = gnu11;
				GCC_DYNAMIC_NO_PIC = NO;
				GCC_NO_COMMON_BLOCKS = YES;
				GCC_OPTIMIZATION_LEVEL = 0;
				GCC_PREPROCESSOR_DEFINITIONS = (
					"DEBUG=1",
					"$(inherited)",
				);
				GCC_WARN_64_TO_32_BIT_CONVERSION = YES;
				GCC_WARN_ABOUT_RETURN_TYPE = YES_ERROR;
				GCC_WARN_UNDECLARED_SELECTOR = YES;
				GCC_WARN_UNINITIALIZED_AUTOS = YES_AGGRESSIVE;
				GCC_WARN_UNUSED_FUNCTION = YES;
				GCC_WARN_UNUSED_VARIABLE = YES;
				IPHONEOS_DEPLOYMENT_TARGET = 16.1;
				MTL_ENABLE_DEBUG_INFO = INCLUDE_SOURCE;
				MTL_FAST_MATH = YES;
				ONLY_ACTIVE_ARCH = YES;
				SDKROOT = iphoneos;
				SWIFT_ACTIVE_COMPILATION_CONDITIONS = DEBUG;
				SWIFT_OPTIMIZATION_LEVEL = "-Onone";
			};
			name = Debug;
		};
		617EEAD32ADD8E5F0009DAEF /* Release */ = {
			isa = XCBuildConfiguration;
			buildSettings = {
				ALWAYS_SEARCH_USER_PATHS = NO;
				CLANG_ANALYZER_NONNULL = YES;
				CLANG_ANALYZER_NUMBER_OBJECT_CONVERSION = YES_AGGRESSIVE;
				CLANG_CXX_LANGUAGE_STANDARD = "gnu++20";
				CLANG_ENABLE_MODULES = YES;
				CLANG_ENABLE_OBJC_ARC = YES;
				CLANG_ENABLE_OBJC_WEAK = YES;
				CLANG_WARN_BLOCK_CAPTURE_AUTORELEASING = YES;
				CLANG_WARN_BOOL_CONVERSION = YES;
				CLANG_WARN_COMMA = YES;
				CLANG_WARN_CONSTANT_CONVERSION = YES;
				CLANG_WARN_DEPRECATED_OBJC_IMPLEMENTATIONS = YES;
				CLANG_WARN_DIRECT_OBJC_ISA_USAGE = YES_ERROR;
				CLANG_WARN_DOCUMENTATION_COMMENTS = YES;
				CLANG_WARN_EMPTY_BODY = YES;
				CLANG_WARN_ENUM_CONVERSION = YES;
				CLANG_WARN_INFINITE_RECURSION = YES;
				CLANG_WARN_INT_CONVERSION = YES;
				CLANG_WARN_NON_LITERAL_NULL_CONVERSION = YES;
				CLANG_WARN_OBJC_IMPLICIT_RETAIN_SELF = YES;
				CLANG_WARN_OBJC_LITERAL_CONVERSION = YES;
				CLANG_WARN_OBJC_ROOT_CLASS = YES_ERROR;
				CLANG_WARN_QUOTED_INCLUDE_IN_FRAMEWORK_HEADER = YES;
				CLANG_WARN_RANGE_LOOP_ANALYSIS = YES;
				CLANG_WARN_STRICT_PROTOTYPES = YES;
				CLANG_WARN_SUSPICIOUS_MOVE = YES;
				CLANG_WARN_UNGUARDED_AVAILABILITY = YES_AGGRESSIVE;
				CLANG_WARN_UNREACHABLE_CODE = YES;
				CLANG_WARN__DUPLICATE_METHOD_MATCH = YES;
				COPY_PHASE_STRIP = NO;
				DEBUG_INFORMATION_FORMAT = "dwarf-with-dsym";
				ENABLE_NS_ASSERTIONS = NO;
				ENABLE_STRICT_OBJC_MSGSEND = YES;
				GCC_C_LANGUAGE_STANDARD = gnu11;
				GCC_NO_COMMON_BLOCKS = YES;
				GCC_WARN_64_TO_32_BIT_CONVERSION = YES;
				GCC_WARN_ABOUT_RETURN_TYPE = YES_ERROR;
				GCC_WARN_UNDECLARED_SELECTOR = YES;
				GCC_WARN_UNINITIALIZED_AUTOS = YES_AGGRESSIVE;
				GCC_WARN_UNUSED_FUNCTION = YES;
				GCC_WARN_UNUSED_VARIABLE = YES;
				IPHONEOS_DEPLOYMENT_TARGET = 16.1;
				MTL_ENABLE_DEBUG_INFO = NO;
				MTL_FAST_MATH = YES;
				SDKROOT = iphoneos;
				SWIFT_COMPILATION_MODE = wholemodule;
				SWIFT_OPTIMIZATION_LEVEL = "-O";
				VALIDATE_PRODUCT = YES;
			};
			name = Release;
		};
		617EEAD52ADD8E5F0009DAEF /* Debug */ = {
			isa = XCBuildConfiguration;
			baseConfigurationReference = D1695CCDF4B6BCD1B6BECFD9 /* Pods-QuantumShift.debug.xcconfig */;
			buildSettings = {
				ASSETCATALOG_COMPILER_APPICON_NAME = AppIcon;
				ASSETCATALOG_COMPILER_GLOBAL_ACCENT_COLOR_NAME = AccentColor;
				CODE_SIGN_STYLE = Automatic;
				CURRENT_PROJECT_VERSION = 1;
				GENERATE_INFOPLIST_FILE = YES;
				INFOPLIST_FILE = QuantumShift/Info.plist;
				INFOPLIST_KEY_CFBundleDisplayName = QuantumShift;
				INFOPLIST_KEY_UIApplicationSupportsIndirectInputEvents = YES;
				INFOPLIST_KEY_UILaunchStoryboardName = LaunchScreen;
				INFOPLIST_KEY_UIMainStoryboardFile = Main;
				INFOPLIST_KEY_UISupportedInterfaceOrientations_iPad = "UIInterfaceOrientationPortrait UIInterfaceOrientationPortraitUpsideDown UIInterfaceOrientationLandscapeLeft UIInterfaceOrientationLandscapeRight";
				INFOPLIST_KEY_UISupportedInterfaceOrientations_iPhone = "UIInterfaceOrientationPortrait UIInterfaceOrientationLandscapeLeft UIInterfaceOrientationLandscapeRight";
				IPHONEOS_DEPLOYMENT_TARGET = 12.0;
				LD_RUNPATH_SEARCH_PATHS = (
					"$(inherited)",
					"@executable_path/Frameworks",
				);
				MARKETING_VERSION = 1.0;
				PRODUCT_BUNDLE_IDENTIFIER = com.firstproject.QuantumShift;
				PRODUCT_NAME = "$(TARGET_NAME)";
				SUPPORTED_PLATFORMS = "iphoneos iphonesimulator";
				SUPPORTS_MACCATALYST = NO;
				SUPPORTS_MAC_DESIGNED_FOR_IPHONE_IPAD = NO;
				SWIFT_EMIT_LOC_STRINGS = YES;
				SWIFT_VERSION = 5.0;
				TARGETED_DEVICE_FAMILY = 1;
			};
			name = Debug;
		};
		617EEAD62ADD8E5F0009DAEF /* Release */ = {
			isa = XCBuildConfiguration;
			baseConfigurationReference = 66F2113FD1C52969CCC14B2B /* Pods-QuantumShift.release.xcconfig */;
			buildSettings = {
				ASSETCATALOG_COMPILER_APPICON_NAME = AppIcon;
				ASSETCATALOG_COMPILER_GLOBAL_ACCENT_COLOR_NAME = AccentColor;
				CODE_SIGN_STYLE = Automatic;
				CURRENT_PROJECT_VERSION = 1;
				GENERATE_INFOPLIST_FILE = YES;
				INFOPLIST_FILE = QuantumShift/Info.plist;
				INFOPLIST_KEY_CFBundleDisplayName = QuantumShift;
				INFOPLIST_KEY_UIApplicationSupportsIndirectInputEvents = YES;
				INFOPLIST_KEY_UILaunchStoryboardName = LaunchScreen;
				INFOPLIST_KEY_UIMainStoryboardFile = Main;
				INFOPLIST_KEY_UISupportedInterfaceOrientations_iPad = "UIInterfaceOrientationPortrait UIInterfaceOrientationPortraitUpsideDown UIInterfaceOrientationLandscapeLeft UIInterfaceOrientationLandscapeRight";
				INFOPLIST_KEY_UISupportedInterfaceOrientations_iPhone = "UIInterfaceOrientationPortrait UIInterfaceOrientationLandscapeLeft UIInterfaceOrientationLandscapeRight";
				IPHONEOS_DEPLOYMENT_TARGET = 12.0;
				LD_RUNPATH_SEARCH_PATHS = (
					"$(inherited)",
					"@executable_path/Frameworks",
				);
				MARKETING_VERSION = 1.0;
				PRODUCT_BUNDLE_IDENTIFIER = com.firstproject.QuantumShift;
				PRODUCT_NAME = "$(TARGET_NAME)";
				SUPPORTED_PLATFORMS = "iphoneos iphonesimulator";
				SUPPORTS_MACCATALYST = NO;
				SUPPORTS_MAC_DESIGNED_FOR_IPHONE_IPAD = NO;
				SWIFT_EMIT_LOC_STRINGS = YES;
				SWIFT_VERSION = 5.0;
				TARGETED_DEVICE_FAMILY = 1;
			};
			name = Release;
		};
/* End XCBuildConfiguration section */

/* Begin XCConfigurationList section */
		617EEABB2ADD8E5E0009DAEF /* Build configuration list for PBXProject "QuantumShift" */ = {
			isa = XCConfigurationList;
			buildConfigurations = (
				617EEAD22ADD8E5F0009DAEF /* Debug */,
				617EEAD32ADD8E5F0009DAEF /* Release */,
			);
			defaultConfigurationIsVisible = 0;
			defaultConfigurationName = Release;
		};
		617EEAD42ADD8E5F0009DAEF /* Build configuration list for PBXNativeTarget "QuantumShift" */ = {
			isa = XCConfigurationList;
			buildConfigurations = (
				617EEAD52ADD8E5F0009DAEF /* Debug */,
				617EEAD62ADD8E5F0009DAEF /* Release */,
			);
			defaultConfigurationIsVisible = 0;
			defaultConfigurationName = Release;
		};
/* End XCConfigurationList section */
	};
	rootObject = 617EEAB82ADD8E5E0009DAEF /* Project object */;
}
